
Microsoft Visual Studio Solution File, Format Version 11.00
# Visual Studio 2010
Project("{FAE04EC0-301F-11D3-BF4B-00C04F79EFBC}") = "Assembly-CSharp", "Assembly-CSharp.csproj", "{1F757E99-3464-B94F-7566-1C666488BBF7}"
EndProject
Project("{FAE04EC0-301F-11D3-BF4B-00C04F79EFBC}") = "MacBLAS", "MacBLAS.csproj", "{226E7B5D-2037-D8FF-C531-09ECBA34F9AD}"
EndProject
Project("{FAE04EC0-301F-11D3-BF4B-00C04F79EFBC}") = "iOSBLAS", "iOSBLAS.csproj", "{BD4D0CC8-D226-0D4E-E75B-78DB57EFBDE5}"
EndProject
Project("{FAE04EC0-301F-11D3-BF4B-00C04F79EFBC}") = "Assembly-CSharp-Editor", "Assembly-CSharp-Editor.csproj", "{0BF08D25-C74F-EFDF-7EF1-FE7FAF68373E}"
EndProject
Project("{FAE04EC0-301F-11D3-BF4B-00C04F79EFBC}") = "Barracuda-editor", "Barracuda-editor.csproj", "{C00B579B-4BAD-450B-ABFE-B9E5B5F5D0AF}"
EndProject
Global
	GlobalSection(SolutionConfigurationPlatforms) = preSolution
		Debug|Any CPU = Debug|Any CPU
		Release|Any CPU = Release|Any CPU
	EndGlobalSection
	GlobalSection(ProjectConfigurationPlatforms) = postSolution
		{1F757E99-3464-B94F-7566-1C666488BBF7}.Debug|Any CPU.ActiveCfg = Debug|Any CPU
		{1F757E99-3464-B94F-7566-1C666488BBF7}.Debug|Any CPU.Build.0 = Debug|Any CPU
		{1F757E99-3464-B94F-7566-1C666488BBF7}.Release|Any CPU.ActiveCfg = Release|Any CPU
		{1F757E99-3464-B94F-7566-1C666488BBF7}.Release|Any CPU.Build.0 = Release|Any CPU
		{226E7B5D-2037-D8FF-C531-09ECBA34F9AD}.Debug|Any CPU.ActiveCfg = Debug|Any CPU
		{226E7B5D-2037-D8FF-C531-09ECBA34F9AD}.Debug|Any CPU.Build.0 = Debug|Any CPU
		{226E7B5D-2037-D8FF-C531-09ECBA34F9AD}.Release|Any CPU.ActiveCfg = Release|Any CPU
		{226E7B5D-2037-D8FF-C531-09ECBA34F9AD}.Release|Any CPU.Build.0 = Release|Any CPU
		{BD4D0CC8-D226-0D4E-E75B-78DB57EFBDE5}.Debug|Any CPU.ActiveCfg = Debug|Any CPU
		{BD4D0CC8-D226-0D4E-E75B-78DB57EFBDE5}.Debug|Any CPU.Build.0 = Debug|Any CPU
		{BD4D0CC8-D226-0D4E-E75B-78DB57EFBDE5}.Release|Any CPU.ActiveCfg = Release|Any CPU
		{BD4D0CC8-D226-0D4E-E75B-78DB57EFBDE5}.Release|Any CPU.Build.0 = Release|Any CPU
		{0BF08D25-C74F-EFDF-7EF1-FE7FAF68373E}.Debug|Any CPU.ActiveCfg = Debug|Any CPU
		{0BF08D25-C74F-EFDF-7EF1-FE7FAF68373E}.Debug|Any CPU.Build.0 = Debug|Any CPU
		{0BF08D25-C74F-EFDF-7EF1-FE7FAF68373E}.Release|Any CPU.ActiveCfg = Release|Any CPU
		{0BF08D25-C74F-EFDF-7EF1-FE7FAF68373E}.Release|Any CPU.Build.0 = Release|Any CPU
		{C00B579B-4BAD-450B-ABFE-B9E5B5F5D0AF}.Debug|Any CPU.ActiveCfg = Debug|Any CPU
		{C00B579B-4BAD-450B-ABFE-B9E5B5F5D0AF}.Debug|Any CPU.Build.0 = Debug|Any CPU
		{C00B579B-4BAD-450B-ABFE-B9E5B5F5D0AF}.Release|Any CPU.ActiveCfg = Release|Any CPU
		{C00B579B-4BAD-450B-ABFE-B9E5B5F5D0AF}.Release|Any CPU.Build.0 = Release|Any CPU
	EndGlobalSection
	GlobalSection(SolutionProperties) = preSolution
		HideSolutionNode = FALSE
	EndGlobalSection
EndGlobal
